
Microsoft Visual Studio Solution File, Format Version 12.00
# Visual Studio Version 16
VisualStudioVersion = 16.0.30320.27
MinimumVisualStudioVersion = 10.0.40219.1
Project("{FAE04EC0-301F-11D3-BF4B-00C04F79EFBC}") = "X_O_Game", "X_O_Game\X_O_Game.csproj", "{CD0D75CE-89EC-413D-88FC-DDD802E21670}"
EndProject
Global
	GlobalSection(SolutionConfigurationPlatforms) = preSolution
		Debug|Any CPU = Debug|Any CPU
		Release|Any CPU = Release|Any CPU
	EndGlobalSection
	GlobalSection(ProjectConfigurationPlatforms) = postSolution
		{CD0D75CE-89EC-413D-88FC-DDD802E21670}.Debug|Any CPU.ActiveCfg = Debug|Any CPU
		{CD0D75CE-89EC-413D-88FC-DDD802E21670}.Debug|Any CPU.Build.0 = Debug|Any CPU
		{CD0D75CE-89EC-413D-88FC-DDD802E21670}.Release|Any CPU.ActiveCfg = Release|Any CPU
		{CD0D75CE-89EC-413D-88FC-DDD802E21670}.Release|Any CPU.Build.0 = Release|Any CPU
	EndGlobalSection
	GlobalSection(SolutionProperties) = preSolution
		HideSolutionNode = FALSE
	EndGlobalSection
	GlobalSection(ExtensibilityGlobals) = postSolution
		SolutionGuid = {D7D2BB53-9EE3-4A86-BD15-E89AED0A25F0}
	EndGlobalSection
EndGlobal
